
Microsoft Visual Studio Solution File, Format Version 12.00
# Visual Studio Version 17
VisualStudioVersion = 17.11.35327.3
MinimumVisualStudioVersion = 10.0.40219.1
Project("{FAE04EC0-301F-11D3-BF4B-00C04F79EFBC}") = "Day01", "Day01.csproj", "{3EBD82B1-2876-4CA9-93A0-1D09F4130B49}"
EndProject
Global
	GlobalSection(SolutionConfigurationPlatforms) = preSolution
		Debug|Any CPU = Debug|Any CPU
		Release|Any CPU = Release|Any CPU
	EndGlobalSection
	GlobalSection(ProjectConfigurationPlatforms) = postSolution
		{3EBD82B1-2876-4CA9-93A0-1D09F4130B49}.Debug|Any CPU.ActiveCfg = Debug|Any CPU
		{3EBD82B1-2876-4CA9-93A0-1D09F4130B49}.Debug|Any CPU.Build.0 = Debug|Any CPU
		{3EBD82B1-2876-4CA9-93A0-1D09F4130B49}.Release|Any CPU.ActiveCfg = Release|Any CPU
		{3EBD82B1-2876-4CA9-93A0-1D09F4130B49}.Release|Any CPU.Build.0 = Release|Any CPU
	EndGlobalSection
	GlobalSection(SolutionProperties) = preSolution
		HideSolutionNode = FALSE
	EndGlobalSection
	GlobalSection(ExtensibilityGlobals) = postSolution
		SolutionGuid = {5A0CE382-F6BB-422A-9C4E-499025245DE2}
	EndGlobalSection
EndGlobal
